{
    "name": "teamleader-sdk-tooling",
    "lockfileVersion": 3,
    "requires": true,
    "packages": {
        "": {
            "name": "teamleader-sdk-tooling",
            "devDependencies": {
                "@teamleader/focus-api-specification": "1.221.0",
                "js-yaml": "^4.1.0"
            }
        },
        "node_modules/@redocly/cli": {
            "version": "2.57.0",
            "resolved": "https://registry.npmjs.org/@redocly/cli/-/cli-2.57.0.tgz",
            "integrity": "sha512-1d5fVyUaYlMNgCHUoyE2vUyxBhs/jmOHgsX/kFmfWzESw4f/G/OV/SU9E55rU7aUNmw9rHj1vXmL6yUdIn+KKQ==",
            "dev": true,
            "license": "MIT",
            "bin": {
                "openapi": "bin/cli.js",
                "redocly": "bin/cli.js"
            },
            "engines": {
                "node": ">=22.12.0 || >=20.19.0 <21.0.0",
                "npm": ">=10"
            }
        },
        "node_modules/@teamleader/focus-api-specification": {
            "version": "1.221.0",
            "resolved": "https://registry.npmjs.org/@teamleader/focus-api-specification/-/focus-api-specification-1.221.0.tgz",
            "integrity": "sha512-AlJ5u8pOHlS0+7rUVXYPprLnuo8WhIW6k4IJfXaWtcUTOO7E+WPV6DTVO/CciW0Wc2foVpJOick99UjNhDojYQ==",
            "dev": true,
            "license": "MIT",
            "dependencies": {
                "@redocly/cli": "^2.35.1"
            }
        },
        "node_modules/argparse": {
            "version": "2.0.1",
            "resolved": "https://registry.npmjs.org/argparse/-/argparse-2.0.1.tgz",
            "integrity": "sha512-8+9WqebbFzpX9OR+Wa6O29asIogeRMzcGtAINdpMHHyAg10f05aSFVBbcEqGf/PXw1EjAZ+q2/bEBg3DvurK3Q==",
            "dev": true,
            "license": "Python-2.0"
        },
        "node_modules/js-yaml": {
            "version": "4.3.2",
            "resolved": "https://registry.npmjs.org/js-yaml/-/js-yaml-4.3.2.tgz",
            "integrity": "sha512-SFNOvSJ+Dgf/9An904Yx+CgSlIPCkIpao4qo51lpee25TIRejdH3rhR4EZMGoNx3/TP3O+wzWuiTFl4sqbltzA==",
            "dev": true,
            "funding": [
                {
                    "type": "github",
                    "url": "https://github.com/sponsors/puzrin"
                },
                {
                    "type": "github",
                    "url": "https://github.com/sponsors/nodeca"
                }
            ],
            "license": "MIT",
            "dependencies": {
                "argparse": "^2.0.1"
            },
            "bin": {
                "js-yaml": "bin/js-yaml.js"
            }
        }
    }
}
